{
  "version": 4,
  "terraform_version": "1.0.4",
  "serial": 1,
  "lineage": "4d61fd26-af42-1eab-24de-158da952d4a3",
  "outputs": {},
  "resources": [
    {
      "module": "module.networking",
      "mode": "data",
      "type": "oci_identity_availability_domain",
      "name": "AD",
      "provider": "provider[\"registry.terraform.io/hashicorp/oci\"]",
      "instances": [
        {
          "schema_version": 0,
          "attributes": {
            "ad_number": 1,
            "compartment_id": "ocid1.tenancy.oc1..aaaaaaaahnckqhwjfwqqbv5lxxcvj74ydps2tok4mboblfenzo7ocvdrtcgq",
            "id": "ocid1.availabilitydomain.oc1..aaaaaaaatrwxaogr7dl4yschqtrmqrdv6uzis3mgbnomiagqrfhcb7mxsfdq",
            "name": "RoeD:US-ASHBURN-AD-1"
          },
          "sensitive_attributes": []
        }
      ]
    },
    {
      "module": "module.networking",
      "mode": "managed",
      "type": "oci_core_internet_gateway",
      "name": "this",
      "provider": "provider[\"registry.terraform.io/hashicorp/oci\"]",
      "instances": []
    },
    {
      "module": "module.networking",
      "mode": "managed",
      "type": "oci_core_route_table",
      "name": "this",
      "provider": "provider[\"registry.terraform.io/hashicorp/oci\"]",
      "instances": []
    },
    {
      "module": "module.networking",
      "mode": "managed",
      "type": "oci_core_security_list",
      "name": "this",
      "provider": "provider[\"registry.terraform.io/hashicorp/oci\"]",
      "instances": []
    },
    {
      "module": "module.networking",
      "mode": "managed",
      "type": "oci_core_virtual_network",
      "name": "this",
      "provider": "provider[\"registry.terraform.io/hashicorp/oci\"]",
      "instances": [
        {
          "schema_version": 0,
          "attributes": {
            "cidr_block": "10.0.0.0/16",
            "cidr_blocks": [
              "10.0.0.0/16"
            ],
            "compartment_id": "ocid1.tenancy.oc1..aaaaaaaahnckqhwjfwqqbv5lxxcvj74ydps2tok4mboblfenzo7ocvdrtcgq",
            "default_dhcp_options_id": "ocid1.dhcpoptions.oc1.iad.aaaaaaaa5vgrc2jfr4tgykhogqkzykl7pzac5epozeybl5tz5yupt65i6ula",
            "default_route_table_id": "ocid1.routetable.oc1.iad.aaaaaaaa6owqmcfl7g2hzknsvx54zaqnirs5pc7y62njm4ik6i7uwrkmgd4q",
            "default_security_list_id": "ocid1.securitylist.oc1.iad.aaaaaaaaci6h2gvxk3xjqqnwasndnjrr4mddwiyqlsftmecpi2p2mhzbdbja",
            "defined_tags": {
              "Oracle-Tags.CreatedBy": "terraform-test-account",
              "Oracle-Tags.CreatedOn": "2022-01-24T23:57:07.627Z"
            },
            "display_name": "networking-vcn-dev",
            "dns_label": null,
            "freeform_tags": {
              "Environment": "dev",
              "Tool": "terraform",
              "User": "Tobi.Ogebule"
            },
            "id": "ocid1.vcn.oc1.iad.amaaaaaabadhbraafndtzeihuyqcszd573qznqxzs4b6sdbhdmgefodmtfjq",
            "ipv6cidr_blocks": [],
            "is_ipv6enabled": false,
            "state": "AVAILABLE",
            "time_created": "2022-01-24 23:57:07.777 +0000 UTC",
            "timeouts": null,
            "vcn_domain_name": null
          },
          "sensitive_attributes": [],
          "private": "eyJlMmJmYjczMC1lY2FhLTExZTYtOGY4OC0zNDM2M2JjN2M0YzAiOnsiY3JlYXRlIjoxMjAwMDAwMDAwMDAwLCJkZWxldGUiOjEyMDAwMDAwMDAwMDAsInVwZGF0ZSI6MTIwMDAwMDAwMDAwMH19"
        }
      ]
    }
  ]
}
