{
  "version": 4,
  "terraform_version": "1.0.4",
  "serial": 8,
  "lineage": "4d61fd26-af42-1eab-24de-158da952d4a3",
  "outputs": {},
  "resources": [
    {
      "module": "module.networking",
      "mode": "data",
      "type": "oci_identity_availability_domain",
      "name": "AD",
      "provider": "provider[\"registry.terraform.io/hashicorp/oci\"]",
      "instances": [
        {
          "schema_version": 0,
          "attributes": {
            "ad_number": 1,
            "compartment_id": "ocid1.tenancy.oc1..aaaaaaaahnckqhwjfwqqbv5lxxcvj74ydps2tok4mboblfenzo7ocvdrtcgq",
            "id": "ocid1.availabilitydomain.oc1..aaaaaaaatrwxaogr7dl4yschqtrmqrdv6uzis3mgbnomiagqrfhcb7mxsfdq",
            "name": "RoeD:US-ASHBURN-AD-1"
          },
          "sensitive_attributes": []
        }
      ]
    },
    {
      "module": "module.networking",
      "mode": "managed",
      "type": "oci_core_internet_gateway",
      "name": "this",
      "provider": "provider[\"registry.terraform.io/hashicorp/oci\"]",
      "instances": [
        {
          "schema_version": 0,
          "attributes": {
            "compartment_id": "ocid1.tenancy.oc1..aaaaaaaahnckqhwjfwqqbv5lxxcvj74ydps2tok4mboblfenzo7ocvdrtcgq",
            "defined_tags": {
              "Oracle-Tags.CreatedBy": "terraform-test-account",
              "Oracle-Tags.CreatedOn": "2022-01-24T23:58:11.685Z"
            },
            "display_name": "networking-igw-dev",
            "enabled": true,
            "freeform_tags": {
              "Environment": "dev",
              "Tool": "terraform",
              "User": "Tobi.Ogebule"
            },
            "id": "ocid1.internetgateway.oc1.iad.aaaaaaaai7icm6gddgwnx7fpnf2ng7qvtnpfrlcgabjzesejpohn67amharq",
            "state": "AVAILABLE",
            "time_created": "2022-01-24 23:58:11.756 +0000 UTC",
            "timeouts": null,
            "vcn_id": "ocid1.vcn.oc1.iad.amaaaaaabadhbraafndtzeihuyqcszd573qznqxzs4b6sdbhdmgefodmtfjq"
          },
          "sensitive_attributes": [],
          "private": "eyJlMmJmYjczMC1lY2FhLTExZTYtOGY4OC0zNDM2M2JjN2M0YzAiOnsiY3JlYXRlIjoxMjAwMDAwMDAwMDAwLCJkZWxldGUiOjEyMDAwMDAwMDAwMDAsInVwZGF0ZSI6MTIwMDAwMDAwMDAwMH19",
          "dependencies": [
            "module.networking.oci_core_virtual_network.this"
          ]
        }
      ]
    },
    {
      "module": "module.networking",
      "mode": "managed",
      "type": "oci_core_route_table",
      "name": "this",
      "provider": "provider[\"registry.terraform.io/hashicorp/oci\"]",
      "instances": [
        {
          "schema_version": 0,
          "attributes": {
            "compartment_id": "ocid1.tenancy.oc1..aaaaaaaahnckqhwjfwqqbv5lxxcvj74ydps2tok4mboblfenzo7ocvdrtcgq",
            "defined_tags": {
              "Oracle-Tags.CreatedBy": "terraform-test-account",
              "Oracle-Tags.CreatedOn": "2022-01-24T23:58:12.330Z"
            },
            "display_name": "networking-RouteTable-dev",
            "freeform_tags": {
              "Environment": "dev",
              "Tool": "terraform",
              "User": "Tobi.Ogebule"
            },
            "id": "ocid1.routetable.oc1.iad.aaaaaaaa6w7cm46otf2kmwsz3irav6nkebdbtyufqma7swdk724fhoo5x5aa",
            "route_rules": [
              {
                "cidr_block": "",
                "description": "",
                "destination": "0.0.0.0/0",
                "destination_type": "CIDR_BLOCK",
                "network_entity_id": "ocid1.internetgateway.oc1.iad.aaaaaaaai7icm6gddgwnx7fpnf2ng7qvtnpfrlcgabjzesejpohn67amharq"
              }
            ],
            "state": "AVAILABLE",
            "time_created": "2022-01-24 23:58:12.391 +0000 UTC",
            "timeouts": null,
            "vcn_id": "ocid1.vcn.oc1.iad.amaaaaaabadhbraafndtzeihuyqcszd573qznqxzs4b6sdbhdmgefodmtfjq"
          },
          "sensitive_attributes": [],
          "private": "eyJlMmJmYjczMC1lY2FhLTExZTYtOGY4OC0zNDM2M2JjN2M0YzAiOnsiY3JlYXRlIjoxMjAwMDAwMDAwMDAwLCJkZWxldGUiOjEyMDAwMDAwMDAwMDAsInVwZGF0ZSI6MTIwMDAwMDAwMDAwMH19",
          "dependencies": [
            "module.networking.oci_core_internet_gateway.this",
            "module.networking.oci_core_virtual_network.this"
          ]
        }
      ]
    },
    {
      "module": "module.networking",
      "mode": "managed",
      "type": "oci_core_security_list",
      "name": "this",
      "provider": "provider[\"registry.terraform.io/hashicorp/oci\"]",
      "instances": [
        {
          "schema_version": 0,
          "attributes": {
            "compartment_id": "ocid1.tenancy.oc1..aaaaaaaahnckqhwjfwqqbv5lxxcvj74ydps2tok4mboblfenzo7ocvdrtcgq",
            "defined_tags": {
              "Oracle-Tags.CreatedBy": "terraform-test-account",
              "Oracle-Tags.CreatedOn": "2022-01-24T23:58:11.547Z"
            },
            "display_name": "networking-SecurityList-dev",
            "egress_security_rules": [
              {
                "description": "",
                "destination": "0.0.0.0/0",
                "destination_type": "CIDR_BLOCK",
                "icmp_options": [],
                "protocol": "all",
                "stateless": false,
                "tcp_options": [],
                "udp_options": []
              }
            ],
            "freeform_tags": {
              "Environment": "dev",
              "Tool": "terraform",
              "User": "Tobi.Ogebule"
            },
            "id": "ocid1.securitylist.oc1.iad.aaaaaaaaobuxfi2gnn7znv3gtdxt3pcegcsajobqyueeymszsst4u2zhholq",
            "ingress_security_rules": [
              {
                "description": "",
                "icmp_options": [
                  {
                    "code": 4,
                    "type": 3
                  }
                ],
                "protocol": "1",
                "source": "0.0.0.0/0",
                "source_type": "CIDR_BLOCK",
                "stateless": false,
                "tcp_options": [],
                "udp_options": []
              },
              {
                "description": "",
                "icmp_options": [],
                "protocol": "6",
                "source": "0.0.0.0/0",
                "source_type": "CIDR_BLOCK",
                "stateless": false,
                "tcp_options": [
                  {
                    "max": 22,
                    "min": 22,
                    "source_port_range": []
                  }
                ],
                "udp_options": []
              },
              {
                "description": "",
                "icmp_options": [],
                "protocol": "all",
                "source": "10.0.0.0/16",
                "source_type": "CIDR_BLOCK",
                "stateless": false,
                "tcp_options": [],
                "udp_options": []
              }
            ],
            "state": "AVAILABLE",
            "time_created": "2022-01-24 23:58:11.606 +0000 UTC",
            "timeouts": null,
            "vcn_id": "ocid1.vcn.oc1.iad.amaaaaaabadhbraafndtzeihuyqcszd573qznqxzs4b6sdbhdmgefodmtfjq"
          },
          "sensitive_attributes": [],
          "private": "eyJlMmJmYjczMC1lY2FhLTExZTYtOGY4OC0zNDM2M2JjN2M0YzAiOnsiY3JlYXRlIjoxMjAwMDAwMDAwMDAwLCJkZWxldGUiOjEyMDAwMDAwMDAwMDAsInVwZGF0ZSI6MTIwMDAwMDAwMDAwMH19",
          "dependencies": [
            "module.networking.oci_core_virtual_network.this"
          ]
        }
      ]
    },
    {
      "module": "module.networking",
      "mode": "managed",
      "type": "oci_core_virtual_network",
      "name": "this",
      "provider": "provider[\"registry.terraform.io/hashicorp/oci\"]",
      "instances": [
        {
          "schema_version": 0,
          "attributes": {
            "cidr_block": "10.0.0.0/16",
            "cidr_blocks": [
              "10.0.0.0/16"
            ],
            "compartment_id": "ocid1.tenancy.oc1..aaaaaaaahnckqhwjfwqqbv5lxxcvj74ydps2tok4mboblfenzo7ocvdrtcgq",
            "default_dhcp_options_id": "ocid1.dhcpoptions.oc1.iad.aaaaaaaa5vgrc2jfr4tgykhogqkzykl7pzac5epozeybl5tz5yupt65i6ula",
            "default_route_table_id": "ocid1.routetable.oc1.iad.aaaaaaaa6owqmcfl7g2hzknsvx54zaqnirs5pc7y62njm4ik6i7uwrkmgd4q",
            "default_security_list_id": "ocid1.securitylist.oc1.iad.aaaaaaaaci6h2gvxk3xjqqnwasndnjrr4mddwiyqlsftmecpi2p2mhzbdbja",
            "defined_tags": {
              "Oracle-Tags.CreatedBy": "terraform-test-account",
              "Oracle-Tags.CreatedOn": "2022-01-24T23:57:07.627Z"
            },
            "display_name": "networking-vcn-dev",
            "dns_label": null,
            "freeform_tags": {
              "Environment": "dev",
              "Tool": "terraform",
              "User": "Tobi.Ogebule"
            },
            "id": "ocid1.vcn.oc1.iad.amaaaaaabadhbraafndtzeihuyqcszd573qznqxzs4b6sdbhdmgefodmtfjq",
            "ipv6cidr_blocks": [],
            "is_ipv6enabled": false,
            "state": "AVAILABLE",
            "time_created": "2022-01-24 23:57:07.777 +0000 UTC",
            "timeouts": null,
            "vcn_domain_name": null
          },
          "sensitive_attributes": [],
          "private": "eyJlMmJmYjczMC1lY2FhLTExZTYtOGY4OC0zNDM2M2JjN2M0YzAiOnsiY3JlYXRlIjoxMjAwMDAwMDAwMDAwLCJkZWxldGUiOjEyMDAwMDAwMDAwMDAsInVwZGF0ZSI6MTIwMDAwMDAwMDAwMH19"
        }
      ]
    },
    {
      "module": "module.networking.module.subnet[\"AppSubnet\"]",
      "mode": "managed",
      "type": "oci_core_subnet",
      "name": "this",
      "provider": "provider[\"registry.terraform.io/hashicorp/oci\"]",
      "instances": [
        {
          "schema_version": 0,
          "attributes": {
            "availability_domain": "RoeD:US-ASHBURN-AD-1",
            "cidr_block": "10.0.1.0/24",
            "compartment_id": "ocid1.tenancy.oc1..aaaaaaaahnckqhwjfwqqbv5lxxcvj74ydps2tok4mboblfenzo7ocvdrtcgq",
            "defined_tags": {
              "Oracle-Tags.CreatedBy": "terraform-test-account",
              "Oracle-Tags.CreatedOn": "2022-01-24T23:58:12.983Z"
            },
            "dhcp_options_id": "ocid1.dhcpoptions.oc1.iad.aaaaaaaa5vgrc2jfr4tgykhogqkzykl7pzac5epozeybl5tz5yupt65i6ula",
            "display_name": "AppSubnet",
            "dns_label": null,
            "freeform_tags": {
              "Environment": "dev",
              "Tool": "terraform",
              "User": "Tobi.Ogebule"
            },
            "id": "ocid1.subnet.oc1.iad.aaaaaaaaa64qjmumqlmgpjev4njorboek7fciuon5dj5ukryn2szxnlf6ioq",
            "ipv6cidr_block": null,
            "ipv6virtual_router_ip": null,
            "prohibit_internet_ingress": false,
            "prohibit_public_ip_on_vnic": false,
            "route_table_id": "ocid1.routetable.oc1.iad.aaaaaaaa6w7cm46otf2kmwsz3irav6nkebdbtyufqma7swdk724fhoo5x5aa",
            "security_list_ids": [
              "ocid1.securitylist.oc1.iad.aaaaaaaaobuxfi2gnn7znv3gtdxt3pcegcsajobqyueeymszsst4u2zhholq"
            ],
            "state": "AVAILABLE",
            "subnet_domain_name": null,
            "time_created": "2022-01-24 23:58:15.412 +0000 UTC",
            "timeouts": null,
            "vcn_id": "ocid1.vcn.oc1.iad.amaaaaaabadhbraafndtzeihuyqcszd573qznqxzs4b6sdbhdmgefodmtfjq",
            "virtual_router_ip": "10.0.1.1",
            "virtual_router_mac": "00:00:17:C3:9E:9D"
          },
          "sensitive_attributes": [],
          "private": "eyJlMmJmYjczMC1lY2FhLTExZTYtOGY4OC0zNDM2M2JjN2M0YzAiOnsiY3JlYXRlIjoxMjAwMDAwMDAwMDAwLCJkZWxldGUiOjEyMDAwMDAwMDAwMDAsInVwZGF0ZSI6MTIwMDAwMDAwMDAwMH19",
          "dependencies": [
            "module.networking.data.oci_identity_availability_domain.AD",
            "module.networking.oci_core_internet_gateway.this",
            "module.networking.oci_core_route_table.this",
            "module.networking.oci_core_security_list.this",
            "module.networking.oci_core_virtual_network.this"
          ]
        }
      ]
    },
    {
      "module": "module.networking.module.subnet[\"DBSubnet\"]",
      "mode": "managed",
      "type": "oci_core_subnet",
      "name": "this",
      "provider": "provider[\"registry.terraform.io/hashicorp/oci\"]",
      "instances": [
        {
          "schema_version": 0,
          "attributes": {
            "availability_domain": "RoeD:US-ASHBURN-AD-1",
            "cidr_block": "10.0.2.0/24",
            "compartment_id": "ocid1.tenancy.oc1..aaaaaaaahnckqhwjfwqqbv5lxxcvj74ydps2tok4mboblfenzo7ocvdrtcgq",
            "defined_tags": {
              "Oracle-Tags.CreatedBy": "terraform-test-account",
              "Oracle-Tags.CreatedOn": "2022-01-24T23:58:13.766Z"
            },
            "dhcp_options_id": "ocid1.dhcpoptions.oc1.iad.aaaaaaaa5vgrc2jfr4tgykhogqkzykl7pzac5epozeybl5tz5yupt65i6ula",
            "display_name": "DBSubnet",
            "dns_label": null,
            "freeform_tags": {
              "Environment": "dev",
              "Tool": "terraform",
              "User": "Tobi.Ogebule"
            },
            "id": "ocid1.subnet.oc1.iad.aaaaaaaanss7ctxp7voupf2wsp5jkifshcmzce5iw665q4vww4rhp3kpggya",
            "ipv6cidr_block": null,
            "ipv6virtual_router_ip": null,
            "prohibit_internet_ingress": false,
            "prohibit_public_ip_on_vnic": false,
            "route_table_id": "ocid1.routetable.oc1.iad.aaaaaaaa6w7cm46otf2kmwsz3irav6nkebdbtyufqma7swdk724fhoo5x5aa",
            "security_list_ids": [
              "ocid1.securitylist.oc1.iad.aaaaaaaaobuxfi2gnn7znv3gtdxt3pcegcsajobqyueeymszsst4u2zhholq"
            ],
            "state": "AVAILABLE",
            "subnet_domain_name": null,
            "time_created": "2022-01-24 23:58:14.293 +0000 UTC",
            "timeouts": null,
            "vcn_id": "ocid1.vcn.oc1.iad.amaaaaaabadhbraafndtzeihuyqcszd573qznqxzs4b6sdbhdmgefodmtfjq",
            "virtual_router_ip": "10.0.2.1",
            "virtual_router_mac": "00:00:17:C3:9E:9D"
          },
          "sensitive_attributes": [],
          "private": "eyJlMmJmYjczMC1lY2FhLTExZTYtOGY4OC0zNDM2M2JjN2M0YzAiOnsiY3JlYXRlIjoxMjAwMDAwMDAwMDAwLCJkZWxldGUiOjEyMDAwMDAwMDAwMDAsInVwZGF0ZSI6MTIwMDAwMDAwMDAwMH19",
          "dependencies": [
            "module.networking.data.oci_identity_availability_domain.AD",
            "module.networking.oci_core_internet_gateway.this",
            "module.networking.oci_core_route_table.this",
            "module.networking.oci_core_security_list.this",
            "module.networking.oci_core_virtual_network.this"
          ]
        }
      ]
    },
    {
      "module": "module.networking.module.subnet[\"WebSubnet\"]",
      "mode": "managed",
      "type": "oci_core_subnet",
      "name": "this",
      "provider": "provider[\"registry.terraform.io/hashicorp/oci\"]",
      "instances": [
        {
          "schema_version": 0,
          "attributes": {
            "availability_domain": "RoeD:US-ASHBURN-AD-1",
            "cidr_block": "10.0.0.0/24",
            "compartment_id": "ocid1.tenancy.oc1..aaaaaaaahnckqhwjfwqqbv5lxxcvj74ydps2tok4mboblfenzo7ocvdrtcgq",
            "defined_tags": {
              "Oracle-Tags.CreatedBy": "terraform-test-account",
              "Oracle-Tags.CreatedOn": "2022-01-24T23:58:12.997Z"
            },
            "dhcp_options_id": "ocid1.dhcpoptions.oc1.iad.aaaaaaaa5vgrc2jfr4tgykhogqkzykl7pzac5epozeybl5tz5yupt65i6ula",
            "display_name": "WebSubnet",
            "dns_label": null,
            "freeform_tags": {
              "Environment": "dev",
              "Tool": "terraform",
              "User": "Tobi.Ogebule"
            },
            "id": "ocid1.subnet.oc1.iad.aaaaaaaa74gzpzdkbod6stzyc3aybo3kiqoaeiekdtygmjv5fw2xvqrbhjqq",
            "ipv6cidr_block": null,
            "ipv6virtual_router_ip": null,
            "prohibit_internet_ingress": false,
            "prohibit_public_ip_on_vnic": false,
            "route_table_id": "ocid1.routetable.oc1.iad.aaaaaaaa6w7cm46otf2kmwsz3irav6nkebdbtyufqma7swdk724fhoo5x5aa",
            "security_list_ids": [
              "ocid1.securitylist.oc1.iad.aaaaaaaaobuxfi2gnn7znv3gtdxt3pcegcsajobqyueeymszsst4u2zhholq"
            ],
            "state": "AVAILABLE",
            "subnet_domain_name": null,
            "time_created": "2022-01-24 23:58:13.062 +0000 UTC",
            "timeouts": null,
            "vcn_id": "ocid1.vcn.oc1.iad.amaaaaaabadhbraafndtzeihuyqcszd573qznqxzs4b6sdbhdmgefodmtfjq",
            "virtual_router_ip": "10.0.0.1",
            "virtual_router_mac": "00:00:17:C3:9E:9D"
          },
          "sensitive_attributes": [],
          "private": "eyJlMmJmYjczMC1lY2FhLTExZTYtOGY4OC0zNDM2M2JjN2M0YzAiOnsiY3JlYXRlIjoxMjAwMDAwMDAwMDAwLCJkZWxldGUiOjEyMDAwMDAwMDAwMDAsInVwZGF0ZSI6MTIwMDAwMDAwMDAwMH19",
          "dependencies": [
            "module.networking.data.oci_identity_availability_domain.AD",
            "module.networking.oci_core_internet_gateway.this",
            "module.networking.oci_core_route_table.this",
            "module.networking.oci_core_security_list.this",
            "module.networking.oci_core_virtual_network.this"
          ]
        }
      ]
    }
  ]
}
